
Microsoft Visual Studio Solution File, Format Version 12.00
# Visual Studio Version 17
VisualStudioVersion = 17.0.31912.275
MinimumVisualStudioVersion = 10.0.40219.1
Project("{FAE04EC0-301F-11D3-BF4B-00C04F79EFBC}") = "warp", "warp\warp.csproj", "{516D0989-2459-92DB-D0EF-19DCC75B0694}"
EndProject
Project("{FAE04EC0-301F-11D3-BF4B-00C04F79EFBC}") = "warp.core", "warp.core\warp.core.csproj", "{4E6ADE2B-918E-4168-8265-E192822104A2}"
EndProject
Project("{FAE04EC0-301F-11D3-BF4B-00C04F79EFBC}") = "warp.apis.developer", "warp.apis.developer\warp.apis.developer.csproj", "{60D1935A-437B-48B0-93DB-B0FFD7BC2D95}"
EndProject
Project("{FAE04EC0-301F-11D3-BF4B-00C04F79EFBC}") = "warp.apis.admin", "warp.apis.admin\warp.apis.admin.csproj", "{DBB94CE9-E014-43EE-B0AC-4492D543097E}"
EndProject
Project("{FAE04EC0-301F-11D3-BF4B-00C04F79EFBC}") = "warp.dilithium", "warp.dilithium\warp.dilithium.csproj", "{5D5F7010-DBFA-4A46-8D58-AF59E20524C8}"
EndProject
Project("{FAE04EC0-301F-11D3-BF4B-00C04F79EFBC}") = "warp.plasma", "warp.plasma\warp.plasma.csproj", "{A1B2C3D4-5E6F-7890-ABCD-EF1234567890}"
EndProject
Project("{FAE04EC0-301F-11D3-BF4B-00C04F79EFBC}") = "warp.latinum", "warp.latinum\warp.latinum.csproj", "{5FFD83A5-8FCF-43AB-82D5-95F47B448C49}"
EndProject
Global
	GlobalSection(SolutionConfigurationPlatforms) = preSolution
		Debug|Any CPU = Debug|Any CPU
		Debug|x64 = Debug|x64
		Debug|x86 = Debug|x86
		Release|Any CPU = Release|Any CPU
		Release|x64 = Release|x64
		Release|x86 = Release|x86
	EndGlobalSection
	GlobalSection(ProjectConfigurationPlatforms) = postSolution
		{516D0989-2459-92DB-D0EF-19DCC75B0694}.Debug|Any CPU.ActiveCfg = Debug|Any CPU
		{516D0989-2459-92DB-D0EF-19DCC75B0694}.Debug|Any CPU.Build.0 = Debug|Any CPU
		{516D0989-2459-92DB-D0EF-19DCC75B0694}.Debug|x64.ActiveCfg = Debug|Any CPU
		{516D0989-2459-92DB-D0EF-19DCC75B0694}.Debug|x64.Build.0 = Debug|Any CPU
		{516D0989-2459-92DB-D0EF-19DCC75B0694}.Debug|x86.ActiveCfg = Debug|Any CPU
		{516D0989-2459-92DB-D0EF-19DCC75B0694}.Debug|x86.Build.0 = Debug|Any CPU
		{516D0989-2459-92DB-D0EF-19DCC75B0694}.Release|Any CPU.ActiveCfg = Release|Any CPU
		{516D0989-2459-92DB-D0EF-19DCC75B0694}.Release|Any CPU.Build.0 = Release|Any CPU
		{516D0989-2459-92DB-D0EF-19DCC75B0694}.Release|x64.ActiveCfg = Release|Any CPU
		{516D0989-2459-92DB-D0EF-19DCC75B0694}.Release|x64.Build.0 = Release|Any CPU
		{516D0989-2459-92DB-D0EF-19DCC75B0694}.Release|x86.ActiveCfg = Release|Any CPU
		{516D0989-2459-92DB-D0EF-19DCC75B0694}.Release|x86.Build.0 = Release|Any CPU
		{4E6ADE2B-918E-4168-8265-E192822104A2}.Debug|Any CPU.ActiveCfg = Debug|Any CPU
		{4E6ADE2B-918E-4168-8265-E192822104A2}.Debug|Any CPU.Build.0 = Debug|Any CPU
		{4E6ADE2B-918E-4168-8265-E192822104A2}.Debug|x64.ActiveCfg = Debug|Any CPU
		{4E6ADE2B-918E-4168-8265-E192822104A2}.Debug|x64.Build.0 = Debug|Any CPU
		{4E6ADE2B-918E-4168-8265-E192822104A2}.Debug|x86.ActiveCfg = Debug|Any CPU
		{4E6ADE2B-918E-4168-8265-E192822104A2}.Debug|x86.Build.0 = Debug|Any CPU
		{4E6ADE2B-918E-4168-8265-E192822104A2}.Release|Any CPU.ActiveCfg = Release|Any CPU
		{4E6ADE2B-918E-4168-8265-E192822104A2}.Release|Any CPU.Build.0 = Release|Any CPU
		{4E6ADE2B-918E-4168-8265-E192822104A2}.Release|x64.ActiveCfg = Release|Any CPU
		{4E6ADE2B-918E-4168-8265-E192822104A2}.Release|x64.Build.0 = Release|Any CPU
		{4E6ADE2B-918E-4168-8265-E192822104A2}.Release|x86.ActiveCfg = Release|Any CPU
		{4E6ADE2B-918E-4168-8265-E192822104A2}.Release|x86.Build.0 = Release|Any CPU
		{60D1935A-437B-48B0-93DB-B0FFD7BC2D95}.Debug|Any CPU.ActiveCfg = Debug|Any CPU
		{60D1935A-437B-48B0-93DB-B0FFD7BC2D95}.Debug|Any CPU.Build.0 = Debug|Any CPU
		{60D1935A-437B-48B0-93DB-B0FFD7BC2D95}.Debug|x64.ActiveCfg = Debug|Any CPU
		{60D1935A-437B-48B0-93DB-B0FFD7BC2D95}.Debug|x64.Build.0 = Debug|Any CPU
		{60D1935A-437B-48B0-93DB-B0FFD7BC2D95}.Debug|x86.ActiveCfg = Debug|Any CPU
		{60D1935A-437B-48B0-93DB-B0FFD7BC2D95}.Debug|x86.Build.0 = Debug|Any CPU
		{60D1935A-437B-48B0-93DB-B0FFD7BC2D95}.Release|Any CPU.ActiveCfg = Release|Any CPU
		{60D1935A-437B-48B0-93DB-B0FFD7BC2D95}.Release|Any CPU.Build.0 = Release|Any CPU
		{60D1935A-437B-48B0-93DB-B0FFD7BC2D95}.Release|x64.ActiveCfg = Release|Any CPU
		{60D1935A-437B-48B0-93DB-B0FFD7BC2D95}.Release|x64.Build.0 = Release|Any CPU
		{60D1935A-437B-48B0-93DB-B0FFD7BC2D95}.Release|x86.ActiveCfg = Release|Any CPU
		{60D1935A-437B-48B0-93DB-B0FFD7BC2D95}.Release|x86.Build.0 = Release|Any CPU
		{DBB94CE9-E014-43EE-B0AC-4492D543097E}.Debug|Any CPU.ActiveCfg = Debug|Any CPU
		{DBB94CE9-E014-43EE-B0AC-4492D543097E}.Debug|Any CPU.Build.0 = Debug|Any CPU
		{DBB94CE9-E014-43EE-B0AC-4492D543097E}.Debug|x64.ActiveCfg = Debug|Any CPU
		{DBB94CE9-E014-43EE-B0AC-4492D543097E}.Debug|x64.Build.0 = Debug|Any CPU
		{DBB94CE9-E014-43EE-B0AC-4492D543097E}.Debug|x86.ActiveCfg = Debug|Any CPU
		{DBB94CE9-E014-43EE-B0AC-4492D543097E}.Debug|x86.Build.0 = Debug|Any CPU
		{DBB94CE9-E014-43EE-B0AC-4492D543097E}.Release|Any CPU.ActiveCfg = Release|Any CPU
		{DBB94CE9-E014-43EE-B0AC-4492D543097E}.Release|Any CPU.Build.0 = Release|Any CPU
		{DBB94CE9-E014-43EE-B0AC-4492D543097E}.Release|x64.ActiveCfg = Release|Any CPU
		{DBB94CE9-E014-43EE-B0AC-4492D543097E}.Release|x64.Build.0 = Release|Any CPU
		{DBB94CE9-E014-43EE-B0AC-4492D543097E}.Release|x86.ActiveCfg = Release|Any CPU
		{DBB94CE9-E014-43EE-B0AC-4492D543097E}.Release|x86.Build.0 = Release|Any CPU
		{5D5F7010-DBFA-4A46-8D58-AF59E20524C8}.Debug|Any CPU.ActiveCfg = Debug|Any CPU
		{5D5F7010-DBFA-4A46-8D58-AF59E20524C8}.Debug|Any CPU.Build.0 = Debug|Any CPU
		{5D5F7010-DBFA-4A46-8D58-AF59E20524C8}.Debug|x64.ActiveCfg = Debug|Any CPU
		{5D5F7010-DBFA-4A46-8D58-AF59E20524C8}.Debug|x64.Build.0 = Debug|Any CPU
		{5D5F7010-DBFA-4A46-8D58-AF59E20524C8}.Debug|x86.ActiveCfg = Debug|Any CPU
		{5D5F7010-DBFA-4A46-8D58-AF59E20524C8}.Debug|x86.Build.0 = Debug|Any CPU
		{5D5F7010-DBFA-4A46-8D58-AF59E20524C8}.Release|Any CPU.ActiveCfg = Release|Any CPU
		{5D5F7010-DBFA-4A46-8D58-AF59E20524C8}.Release|Any CPU.Build.0 = Release|Any CPU
		{5D5F7010-DBFA-4A46-8D58-AF59E20524C8}.Release|x64.ActiveCfg = Release|Any CPU
		{5D5F7010-DBFA-4A46-8D58-AF59E20524C8}.Release|x64.Build.0 = Release|Any CPU
		{5D5F7010-DBFA-4A46-8D58-AF59E20524C8}.Release|x86.ActiveCfg = Release|Any CPU
		{5D5F7010-DBFA-4A46-8D58-AF59E20524C8}.Release|x86.Build.0 = Release|Any CPU
		{A1B2C3D4-5E6F-7890-ABCD-EF1234567890}.Debug|Any CPU.ActiveCfg = Debug|Any CPU
		{A1B2C3D4-5E6F-7890-ABCD-EF1234567890}.Debug|Any CPU.Build.0 = Debug|Any CPU
		{A1B2C3D4-5E6F-7890-ABCD-EF1234567890}.Debug|x64.ActiveCfg = Debug|Any CPU
		{A1B2C3D4-5E6F-7890-ABCD-EF1234567890}.Debug|x64.Build.0 = Debug|Any CPU
		{A1B2C3D4-5E6F-7890-ABCD-EF1234567890}.Debug|x86.ActiveCfg = Debug|Any CPU
		{A1B2C3D4-5E6F-7890-ABCD-EF1234567890}.Debug|x86.Build.0 = Debug|Any CPU
		{A1B2C3D4-5E6F-7890-ABCD-EF1234567890}.Release|Any CPU.ActiveCfg = Release|Any CPU
		{A1B2C3D4-5E6F-7890-ABCD-EF1234567890}.Release|Any CPU.Build.0 = Release|Any CPU
		{A1B2C3D4-5E6F-7890-ABCD-EF1234567890}.Release|x64.ActiveCfg = Release|Any CPU
		{A1B2C3D4-5E6F-7890-ABCD-EF1234567890}.Release|x64.Build.0 = Release|Any CPU
		{A1B2C3D4-5E6F-7890-ABCD-EF1234567890}.Release|x86.ActiveCfg = Release|Any CPU
		{A1B2C3D4-5E6F-7890-ABCD-EF1234567890}.Release|x86.Build.0 = Release|Any CPU
		{5FFD83A5-8FCF-43AB-82D5-95F47B448C49}.Debug|Any CPU.ActiveCfg = Debug|Any CPU
		{5FFD83A5-8FCF-43AB-82D5-95F47B448C49}.Debug|Any CPU.Build.0 = Debug|Any CPU
		{5FFD83A5-8FCF-43AB-82D5-95F47B448C49}.Debug|x64.ActiveCfg = Debug|Any CPU
		{5FFD83A5-8FCF-43AB-82D5-95F47B448C49}.Debug|x64.Build.0 = Debug|Any CPU
		{5FFD83A5-8FCF-43AB-82D5-95F47B448C49}.Debug|x86.ActiveCfg = Debug|Any CPU
		{5FFD83A5-8FCF-43AB-82D5-95F47B448C49}.Debug|x86.Build.0 = Debug|Any CPU
		{5FFD83A5-8FCF-43AB-82D5-95F47B448C49}.Release|Any CPU.ActiveCfg = Release|Any CPU
		{5FFD83A5-8FCF-43AB-82D5-95F47B448C49}.Release|Any CPU.Build.0 = Release|Any CPU
		{5FFD83A5-8FCF-43AB-82D5-95F47B448C49}.Release|x64.ActiveCfg = Release|Any CPU
		{5FFD83A5-8FCF-43AB-82D5-95F47B448C49}.Release|x64.Build.0 = Release|Any CPU
		{5FFD83A5-8FCF-43AB-82D5-95F47B448C49}.Release|x86.ActiveCfg = Release|Any CPU
		{5FFD83A5-8FCF-43AB-82D5-95F47B448C49}.Release|x86.Build.0 = Release|Any CPU
	EndGlobalSection
	GlobalSection(SolutionProperties) = preSolution
		HideSolutionNode = FALSE
	EndGlobalSection
EndGlobal
